
Microsoft Visual Studio Solution File, Format Version 12.00
# Visual Studio Version 16
VisualStudioVersion = 16.0.30413.136
MinimumVisualStudioVersion = 10.0.40219.1
Project("{FAE04EC0-301F-11D3-BF4B-00C04F79EFBC}") = "AccesoDatos", "AccesoDatos\AccesoDatos.csproj", "{8E6C095F-58E2-4AA0-A9A5-0915CD3E5C09}"
EndProject
Project("{FAE04EC0-301F-11D3-BF4B-00C04F79EFBC}") = "Entidades", "Entidades\Entidades.csproj", "{D79E571C-7939-4FEB-8D74-42B5E2F54075}"
EndProject
Project("{FAE04EC0-301F-11D3-BF4B-00C04F79EFBC}") = "Manejadores", "Manejadores\Manejadores.csproj", "{98CE9568-5445-47D9-B297-FC5947D30FB7}"
EndProject
Global
	GlobalSection(SolutionConfigurationPlatforms) = preSolution
		Debug|Any CPU = Debug|Any CPU
		Release|Any CPU = Release|Any CPU
	EndGlobalSection
	GlobalSection(ProjectConfigurationPlatforms) = postSolution
		{8E6C095F-58E2-4AA0-A9A5-0915CD3E5C09}.Debug|Any CPU.ActiveCfg = Debug|Any CPU
		{8E6C095F-58E2-4AA0-A9A5-0915CD3E5C09}.Debug|Any CPU.Build.0 = Debug|Any CPU
		{8E6C095F-58E2-4AA0-A9A5-0915CD3E5C09}.Release|Any CPU.ActiveCfg = Release|Any CPU
		{8E6C095F-58E2-4AA0-A9A5-0915CD3E5C09}.Release|Any CPU.Build.0 = Release|Any CPU
		{D79E571C-7939-4FEB-8D74-42B5E2F54075}.Debug|Any CPU.ActiveCfg = Debug|Any CPU
		{D79E571C-7939-4FEB-8D74-42B5E2F54075}.Debug|Any CPU.Build.0 = Debug|Any CPU
		{D79E571C-7939-4FEB-8D74-42B5E2F54075}.Release|Any CPU.ActiveCfg = Release|Any CPU
		{D79E571C-7939-4FEB-8D74-42B5E2F54075}.Release|Any CPU.Build.0 = Release|Any CPU
		{98CE9568-5445-47D9-B297-FC5947D30FB7}.Debug|Any CPU.ActiveCfg = Debug|Any CPU
		{98CE9568-5445-47D9-B297-FC5947D30FB7}.Debug|Any CPU.Build.0 = Debug|Any CPU
		{98CE9568-5445-47D9-B297-FC5947D30FB7}.Release|Any CPU.ActiveCfg = Release|Any CPU
		{98CE9568-5445-47D9-B297-FC5947D30FB7}.Release|Any CPU.Build.0 = Release|Any CPU
	EndGlobalSection
	GlobalSection(SolutionProperties) = preSolution
		HideSolutionNode = FALSE
	EndGlobalSection
	GlobalSection(ExtensibilityGlobals) = postSolution
		SolutionGuid = {D55190AA-41F5-4FB9-8DC8-BC74CC04D610}
	EndGlobalSection
EndGlobal
